Microsoft Visual Studio Solution File, Format Version 12.00
# Visual Studio Version 17
VisualStudioVersion = 17.5.2.0
MinimumVisualStudioVersion = 10.0.40219.1
Project("{FAE04EC0-301F-11D3-BF4B-00C04F79EFBC}") = "tempoapi", "tempoapi.csproj", "{111590E6-53D5-6B09-EC3D-E79158F69FE4}"
EndProject
Global
	GlobalSection(SolutionConfigurationPlatforms) = preSolution
		Debug|Any CPU = Debug|Any CPU
		Release|Any CPU = Release|Any CPU
	EndGlobalSection
	GlobalSection(ProjectConfigurationPlatforms) = postSolution
		{111590E6-53D5-6B09-EC3D-E79158F69FE4}.Debug|Any CPU.ActiveCfg = Debug|Any CPU
		{111590E6-53D5-6B09-EC3D-E79158F69FE4}.Debug|Any CPU.Build.0 = Debug|Any CPU
		{111590E6-53D5-6B09-EC3D-E79158F69FE4}.Release|Any CPU.ActiveCfg = Release|Any CPU
		{111590E6-53D5-6B09-EC3D-E79158F69FE4}.Release|Any CPU.Build.0 = Release|Any CPU
	EndGlobalSection
	GlobalSection(SolutionProperties) = preSolution
		HideSolutionNode = FALSE
	EndGlobalSection
	GlobalSection(ExtensibilityGlobals) = postSolution
		SolutionGuid = {A9E3DF10-4A90-4D86-9997-4BCAD4BFE5E0}
	EndGlobalSection
EndGlobal
